{
    "version": 3,
    "terraform_version": "0.8.2",
    "serial": 7,
    "lineage": "782c562c-145c-487c-a208-c8e6548cbe7d",
    "modules": [
        {
            "path": [
                "root"
            ],
            "outputs": {},
            "resources": {
                "aws_route53_record.blog": {
                    "type": "aws_route53_record",
                    "depends_on": [
                        "aws_route53_zone.joeg",
                        "aws_s3_bucket.blog",
                        "aws_s3_bucket.blog"
                    ],
                    "primary": {
                        "id": "Z3L8H4NM64WQ0S_joeg.uk_A",
                        "attributes": {
                            "alias.#": "1",
                            "alias.2266526308.evaluate_target_health": "false",
                            "alias.2266526308.name": "s3-website-eu-west-1.amazonaws.com",
                            "alias.2266526308.zone_id": "Z1BKCTXD74EZPE",
                            "fqdn": "joeg.uk",
                            "health_check_id": "",
                            "id": "Z3L8H4NM64WQ0S_joeg.uk_A",
                            "name": "joeg.uk",
                            "records.#": "0",
                            "set_identifier": "",
                            "ttl": "0",
                            "type": "A",
                            "zone_id": "Z3L8H4NM64WQ0S"
                        },
                        "meta": {
                            "schema_version": "2"
                        },
                        "tainted": false
                    },
                    "deposed": [],
                    "provider": ""
                },
                "aws_route53_zone.joeg": {
                    "type": "aws_route53_zone",
                    "depends_on": [],
                    "primary": {
                        "id": "Z3L8H4NM64WQ0S",
                        "attributes": {
                            "comment": "Managed by Terraform at github.com/mrjgreen/blog",
                            "force_destroy": "false",
                            "id": "Z3L8H4NM64WQ0S",
                            "name": "joeg.uk",
                            "name_servers.#": "4",
                            "name_servers.0": "ns-1468.awsdns-55.org",
                            "name_servers.1": "ns-1814.awsdns-34.co.uk",
                            "name_servers.2": "ns-269.awsdns-33.com",
                            "name_servers.3": "ns-662.awsdns-18.net",
                            "tags.%": "4",
                            "tags.Application": "Blog",
                            "tags.Owner": "Joe Green",
                            "tags.Provisioner": "Terraform",
                            "tags.ProvisionerSrc": "github.com/mrjgreen/blog",
                            "zone_id": "Z3L8H4NM64WQ0S"
                        },
                        "meta": {},
                        "tainted": false
                    },
                    "deposed": [],
                    "provider": ""
                },
                "aws_s3_bucket.blog": {
                    "type": "aws_s3_bucket",
                    "depends_on": [],
                    "primary": {
                        "id": "joeg.uk",
                        "attributes": {
                            "acceleration_status": "",
                            "acl": "public-read",
                            "arn": "arn:aws:s3:::joeg.uk",
                            "bucket": "joeg.uk",
                            "force_destroy": "false",
                            "hosted_zone_id": "Z1BKCTXD74EZPE",
                            "id": "joeg.uk",
                            "lifecycle_rule.#": "1",
                            "lifecycle_rule.0.abort_incomplete_multipart_upload_days": "0",
                            "lifecycle_rule.0.enabled": "true",
                            "lifecycle_rule.0.expiration.#": "0",
                            "lifecycle_rule.0.id": "tf-s3-lifecycle-0020bebfd2fac906daaeca8250",
                            "lifecycle_rule.0.noncurrent_version_expiration.#": "1",
                            "lifecycle_rule.0.noncurrent_version_expiration.2483154622.days": "7",
                            "lifecycle_rule.0.noncurrent_version_transition.#": "0",
                            "lifecycle_rule.0.prefix": "",
                            "lifecycle_rule.0.transition.#": "0",
                            "region": "eu-west-1",
                            "request_payer": "BucketOwner",
                            "tags.%": "4",
                            "tags.Application": "Blog",
                            "tags.Owner": "Joe Green",
                            "tags.Provisioner": "Terraform",
                            "tags.ProvisionerSrc": "github.com/mrjgreen/blog",
                            "versioning.#": "1",
                            "versioning.0.enabled": "false",
                            "versioning.0.mfa_delete": "false",
                            "website.#": "1",
                            "website.0.error_document": "404.html",
                            "website.0.index_document": "index.html",
                            "website.0.redirect_all_requests_to": "",
                            "website.0.routing_rules": "",
                            "website_domain": "s3-website-eu-west-1.amazonaws.com",
                            "website_endpoint": "joeg.uk.s3-website-eu-west-1.amazonaws.com"
                        },
                        "meta": {},
                        "tainted": false
                    },
                    "deposed": [],
                    "provider": ""
                }
            },
            "depends_on": []
        }
    ]
}
